
Microsoft Visual Studio Solution File, Format Version 12.00
# Visual Studio Version 17
VisualStudioVersion = 17.11.35208.52
MinimumVisualStudioVersion = 10.0.40219.1
Project("{FAE04EC0-301F-11D3-BF4B-00C04F79EFBC}") = "AspNetCoreWebApi", "AspNetCoreWebApi\AspNetCoreWebApi.csproj", "{4D59B93B-DA57-431A-A726-DE6C2A876157}"
EndProject
Global
	GlobalSection(SolutionConfigurationPlatforms) = preSolution
		Debug|Any CPU = Debug|Any CPU
		Release|Any CPU = Release|Any CPU
	EndGlobalSection
	GlobalSection(ProjectConfigurationPlatforms) = postSolution
		{4D59B93B-DA57-431A-A726-DE6C2A876157}.Debug|Any CPU.ActiveCfg = Debug|Any CPU
		{4D59B93B-DA57-431A-A726-DE6C2A876157}.Debug|Any CPU.Build.0 = Debug|Any CPU
		{4D59B93B-DA57-431A-A726-DE6C2A876157}.Release|Any CPU.ActiveCfg = Release|Any CPU
		{4D59B93B-DA57-431A-A726-DE6C2A876157}.Release|Any CPU.Build.0 = Release|Any CPU
	EndGlobalSection
	GlobalSection(SolutionProperties) = preSolution
		HideSolutionNode = FALSE
	EndGlobalSection
	GlobalSection(ExtensibilityGlobals) = postSolution
		SolutionGuid = {970D6100-A9AA-4370-93EE-915DE06ECFA8}
	EndGlobalSection
EndGlobal
